
Microsoft Visual Studio Solution File, Format Version 12.00
# Visual Studio 2012
Project("{FAE04EC0-301F-11D3-BF4B-00C04F79EFBC}") = "Contracts", "Contracts\Contracts.csproj", "{1942BEC3-5E67-41F0-94DF-75F8409C199B}"
EndProject
Global
	GlobalSection(SolutionConfigurationPlatforms) = preSolution
		Debug|Any CPU = Debug|Any CPU
		Release|Any CPU = Release|Any CPU
	EndGlobalSection
	GlobalSection(ProjectConfigurationPlatforms) = postSolution
		{1942BEC3-5E67-41F0-94DF-75F8409C199B}.Debug|Any CPU.ActiveCfg = Debug|Any CPU
		{1942BEC3-5E67-41F0-94DF-75F8409C199B}.Debug|Any CPU.Build.0 = Debug|Any CPU
		{1942BEC3-5E67-41F0-94DF-75F8409C199B}.Release|Any CPU.ActiveCfg = Release|Any CPU
		{1942BEC3-5E67-41F0-94DF-75F8409C199B}.Release|Any CPU.Build.0 = Release|Any CPU
	EndGlobalSection
	GlobalSection(SolutionProperties) = preSolution
		HideSolutionNode = FALSE
	EndGlobalSection
EndGlobal
